
Microsoft Visual Studio Solution File, Format Version 12.00
# Visual Studio Version 17
VisualStudioVersion = 17.14.36908.2
MinimumVisualStudioVersion = 10.0.40219.1
Project("{FAE04EC0-301F-11D3-BF4B-00C04F79EFBC}") = "Shared.Application", "scr\01.Shared\Shared.Application\Shared.Application.csproj", "{16D63371-3ED8-141F-565A-45279B3D2316}"
EndProject
Project("{2150E333-8FDC-42A3-9474-1A3956D46DE8}") = "01.Shared", "01.Shared", "{02EA681E-C7D8-13C7-8484-4AC65E1B71E8}"
EndProject
Project("{FAE04EC0-301F-11D3-BF4B-00C04F79EFBC}") = "Shared.Domain", "scr\01.Shared\Shared.Domain\Shared.Domain.csproj", "{31F69B7F-3FD8-C336-5A73-10323DD7251C}"
EndProject
Project("{FAE04EC0-301F-11D3-BF4B-00C04F79EFBC}") = "Shared.Infrastructure", "scr\01.Shared\Shared.Infrastructure\Shared.Infrastructure.csproj", "{58811509-170D-2AC2-CE3E-E0D0B4DEEF69}"
EndProject
Project("{2150E333-8FDC-42A3-9474-1A3956D46DE8}") = "02.IAM", "02.IAM", "{1CBBE467-E54F-45C7-9088-233B57EE7831}"
EndProject
Project("{FAE04EC0-301F-11D3-BF4B-00C04F79EFBC}") = "IAM.API", "scr\02.IAM\IAM.API\IAM.API.csproj", "{2A8BE95B-F5DA-2961-0FEF-8B5CE7987155}"
EndProject
Project("{FAE04EC0-301F-11D3-BF4B-00C04F79EFBC}") = "IAM.Application", "scr\02.IAM\IAM.Application\IAM.Application.csproj", "{9BBCC9E1-4787-2CF7-8DE4-DCB63818498E}"
EndProject
Project("{FAE04EC0-301F-11D3-BF4B-00C04F79EFBC}") = "IAM.Domain", "scr\02.IAM\IAM.Domain\IAM.Domain.csproj", "{1BEC250B-DBA5-66DB-F4BA-3048FCFD97CB}"
EndProject
Project("{FAE04EC0-301F-11D3-BF4B-00C04F79EFBC}") = "IAM.Infrastructure", "scr\02.IAM\IAM.Infrastructure\IAM.Infrastructure.csproj", "{32679322-12EB-2146-B5A9-AD936C12D448}"
EndProject
Project("{2150E333-8FDC-42A3-9474-1A3956D46DE8}") = "docs", "docs", "{237E2C74-BCEA-4576-A28A-259A846C9572}"
	ProjectSection(SolutionItems) = preProject
		docs\01.Shared.entities.md = docs\01.Shared.entities.md
		docs\00.migrations.md = docs\00.migrations.md
		docs\01.shared.enums.md = docs\01.shared.enums.md
		docs\01.shared.infrastructure-repository.md = docs\01.shared.infrastructure-repository.md
		docs\01.shared.infrastructure-uow.md = docs\01.shared.infrastructure-uow.md
		docs\02.iam.docker.md = docs\02.iam.docker.md
		docs\02.iam.entities.md = docs\02.iam.entities.md
		docs\02.iam.folder-structure.md = docs\02.iam.folder-structure.md
		docs\02.iam.libraries.md = docs\02.iam.libraries.md
	EndProjectSection
EndProject
Project("{2150E333-8FDC-42A3-9474-1A3956D46DE8}") = "infra", "infra", "{D2CC5424-073E-4EB9-8679-7E05134562ED}"
	ProjectSection(SolutionItems) = preProject
		infra\.env = infra\.env
		infra\iam.db-backup.ps1 = infra\iam.db-backup.ps1
		infra\create-module.ps1 = infra\create-module.ps1
		infra\create-module-shared.ps1 = infra\create-module-shared.ps1
		infra\iam.docker-compose.yml = infra\iam.docker-compose.yml
		infra\iam.db-setup.ps1 = infra\iam.db-setup.ps1
	EndProjectSection
EndProject
Project("{2150E333-8FDC-42A3-9474-1A3956D46DE8}") = "Solution Items", "Solution Items", "{8EC462FD-D22E-90A8-E5CE-7E832BA40C5D}"
	ProjectSection(SolutionItems) = preProject
		.gitignore = .gitignore
		LICENSE = LICENSE
		readme.md = readme.md
	EndProjectSection
EndProject
Project("{2150E333-8FDC-42A3-9474-1A3956D46DE8}") = "tests", "tests", "{560BEF3A-21C3-4882-9273-E7CE4047A1D3}"
EndProject
Project("{2150E333-8FDC-42A3-9474-1A3956D46DE8}") = "02.IAM", "02.IAM", "{19FCF543-F90F-4CB1-B52B-7C2D724D4E1C}"
EndProject
Project("{FAE04EC0-301F-11D3-BF4B-00C04F79EFBC}") = "IAM.Application.Tests", "tests\02.IAM\IAM.Application.Tests\IAM.Application.Tests.csproj", "{AE9A0791-C706-E6C0-705B-5A761445DDB3}"
EndProject
Project("{2150E333-8FDC-42A3-9474-1A3956D46DE8}") = "api", "api", "{A95467B8-D6F9-407E-98FF-C9228DEEEC89}"
	ProjectSection(SolutionItems) = preProject
		tests\api\http-client.env.json = tests\api\http-client.env.json
		tests\api\iam.users.http = tests\api\iam.users.http
	EndProjectSection
EndProject
Project("{2150E333-8FDC-42A3-9474-1A3956D46DE8}") = "01.Shared", "01.Shared", "{047BDE5E-0696-4D20-A8CF-F97643ED2437}"
EndProject
Project("{FAE04EC0-301F-11D3-BF4B-00C04F79EFBC}") = "Shared.Application.Tests", "tests\01.Shared\Shared.Application.Tests\Shared.Application.Tests.csproj", "{4FE7982C-D479-4DBB-9187-61B38B9A25C5}"
EndProject
Global
	GlobalSection(SolutionConfigurationPlatforms) = preSolution
		Debug|Any CPU = Debug|Any CPU
		Release|Any CPU = Release|Any CPU
	EndGlobalSection
	GlobalSection(ProjectConfigurationPlatforms) = postSolution
		{16D63371-3ED8-141F-565A-45279B3D2316}.Debug|Any CPU.ActiveCfg = Debug|Any CPU
		{16D63371-3ED8-141F-565A-45279B3D2316}.Debug|Any CPU.Build.0 = Debug|Any CPU
		{16D63371-3ED8-141F-565A-45279B3D2316}.Release|Any CPU.ActiveCfg = Release|Any CPU
		{16D63371-3ED8-141F-565A-45279B3D2316}.Release|Any CPU.Build.0 = Release|Any CPU
		{31F69B7F-3FD8-C336-5A73-10323DD7251C}.Debug|Any CPU.ActiveCfg = Debug|Any CPU
		{31F69B7F-3FD8-C336-5A73-10323DD7251C}.Debug|Any CPU.Build.0 = Debug|Any CPU
		{31F69B7F-3FD8-C336-5A73-10323DD7251C}.Release|Any CPU.ActiveCfg = Release|Any CPU
		{31F69B7F-3FD8-C336-5A73-10323DD7251C}.Release|Any CPU.Build.0 = Release|Any CPU
		{58811509-170D-2AC2-CE3E-E0D0B4DEEF69}.Debug|Any CPU.ActiveCfg = Debug|Any CPU
		{58811509-170D-2AC2-CE3E-E0D0B4DEEF69}.Debug|Any CPU.Build.0 = Debug|Any CPU
		{58811509-170D-2AC2-CE3E-E0D0B4DEEF69}.Release|Any CPU.ActiveCfg = Release|Any CPU
		{58811509-170D-2AC2-CE3E-E0D0B4DEEF69}.Release|Any CPU.Build.0 = Release|Any CPU
		{2A8BE95B-F5DA-2961-0FEF-8B5CE7987155}.Debug|Any CPU.ActiveCfg = Debug|Any CPU
		{2A8BE95B-F5DA-2961-0FEF-8B5CE7987155}.Debug|Any CPU.Build.0 = Debug|Any CPU
		{2A8BE95B-F5DA-2961-0FEF-8B5CE7987155}.Release|Any CPU.ActiveCfg = Release|Any CPU
		{2A8BE95B-F5DA-2961-0FEF-8B5CE7987155}.Release|Any CPU.Build.0 = Release|Any CPU
		{9BBCC9E1-4787-2CF7-8DE4-DCB63818498E}.Debug|Any CPU.ActiveCfg = Debug|Any CPU
		{9BBCC9E1-4787-2CF7-8DE4-DCB63818498E}.Debug|Any CPU.Build.0 = Debug|Any CPU
		{9BBCC9E1-4787-2CF7-8DE4-DCB63818498E}.Release|Any CPU.ActiveCfg = Release|Any CPU
		{9BBCC9E1-4787-2CF7-8DE4-DCB63818498E}.Release|Any CPU.Build.0 = Release|Any CPU
		{1BEC250B-DBA5-66DB-F4BA-3048FCFD97CB}.Debug|Any CPU.ActiveCfg = Debug|Any CPU
		{1BEC250B-DBA5-66DB-F4BA-3048FCFD97CB}.Debug|Any CPU.Build.0 = Debug|Any CPU
		{1BEC250B-DBA5-66DB-F4BA-3048FCFD97CB}.Release|Any CPU.ActiveCfg = Release|Any CPU
		{1BEC250B-DBA5-66DB-F4BA-3048FCFD97CB}.Release|Any CPU.Build.0 = Release|Any CPU
		{32679322-12EB-2146-B5A9-AD936C12D448}.Debug|Any CPU.ActiveCfg = Debug|Any CPU
		{32679322-12EB-2146-B5A9-AD936C12D448}.Debug|Any CPU.Build.0 = Debug|Any CPU
		{32679322-12EB-2146-B5A9-AD936C12D448}.Release|Any CPU.ActiveCfg = Release|Any CPU
		{32679322-12EB-2146-B5A9-AD936C12D448}.Release|Any CPU.Build.0 = Release|Any CPU
		{AE9A0791-C706-E6C0-705B-5A761445DDB3}.Debug|Any CPU.ActiveCfg = Debug|Any CPU
		{AE9A0791-C706-E6C0-705B-5A761445DDB3}.Debug|Any CPU.Build.0 = Debug|Any CPU
		{AE9A0791-C706-E6C0-705B-5A761445DDB3}.Release|Any CPU.ActiveCfg = Release|Any CPU
		{AE9A0791-C706-E6C0-705B-5A761445DDB3}.Release|Any CPU.Build.0 = Release|Any CPU
		{4FE7982C-D479-4DBB-9187-61B38B9A25C5}.Debug|Any CPU.ActiveCfg = Debug|Any CPU
		{4FE7982C-D479-4DBB-9187-61B38B9A25C5}.Debug|Any CPU.Build.0 = Debug|Any CPU
		{4FE7982C-D479-4DBB-9187-61B38B9A25C5}.Release|Any CPU.ActiveCfg = Release|Any CPU
		{4FE7982C-D479-4DBB-9187-61B38B9A25C5}.Release|Any CPU.Build.0 = Release|Any CPU
	EndGlobalSection
	GlobalSection(SolutionProperties) = preSolution
		HideSolutionNode = FALSE
	EndGlobalSection
	GlobalSection(NestedProjects) = preSolution
		{16D63371-3ED8-141F-565A-45279B3D2316} = {02EA681E-C7D8-13C7-8484-4AC65E1B71E8}
		{31F69B7F-3FD8-C336-5A73-10323DD7251C} = {02EA681E-C7D8-13C7-8484-4AC65E1B71E8}
		{58811509-170D-2AC2-CE3E-E0D0B4DEEF69} = {02EA681E-C7D8-13C7-8484-4AC65E1B71E8}
		{2A8BE95B-F5DA-2961-0FEF-8B5CE7987155} = {1CBBE467-E54F-45C7-9088-233B57EE7831}
		{9BBCC9E1-4787-2CF7-8DE4-DCB63818498E} = {1CBBE467-E54F-45C7-9088-233B57EE7831}
		{1BEC250B-DBA5-66DB-F4BA-3048FCFD97CB} = {1CBBE467-E54F-45C7-9088-233B57EE7831}
		{32679322-12EB-2146-B5A9-AD936C12D448} = {1CBBE467-E54F-45C7-9088-233B57EE7831}
		{19FCF543-F90F-4CB1-B52B-7C2D724D4E1C} = {560BEF3A-21C3-4882-9273-E7CE4047A1D3}
		{AE9A0791-C706-E6C0-705B-5A761445DDB3} = {19FCF543-F90F-4CB1-B52B-7C2D724D4E1C}
		{A95467B8-D6F9-407E-98FF-C9228DEEEC89} = {560BEF3A-21C3-4882-9273-E7CE4047A1D3}
		{047BDE5E-0696-4D20-A8CF-F97643ED2437} = {560BEF3A-21C3-4882-9273-E7CE4047A1D3}
		{4FE7982C-D479-4DBB-9187-61B38B9A25C5} = {047BDE5E-0696-4D20-A8CF-F97643ED2437}
	EndGlobalSection
	GlobalSection(ExtensibilityGlobals) = postSolution
		SolutionGuid = {0261E40D-A39C-470A-BAF3-DE2F7156D08B}
	EndGlobalSection
EndGlobal
