
Microsoft Visual Studio Solution File, Format Version 12.00
# Visual Studio Version 17
VisualStudioVersion = 17.0.31903.59
MinimumVisualStudioVersion = 10.0.40219.1
Project("{2150E333-8FDC-42A3-9474-1A3956D46DE8}") = "docs", "docs", "{8EC462FD-D22E-90A8-E5CE-7E832BA40C5D}"
	ProjectSection(SolutionItems) = preProject
		docs\entities.md = docs\entities.md
		enums.md = enums.md
		infrastructure-repository.md = infrastructure-repository.md
		infrastructure-uow.md = infrastructure-uow.md
	EndProjectSection
EndProject
Project("{2150E333-8FDC-42A3-9474-1A3956D46DE8}") = "src", "src", "{827E0CD3-B72D-47B6-A68D-7590B98EB39B}"
EndProject
Project("{FAE04EC0-301F-11D3-BF4B-00C04F79EFBC}") = "Shared.Domain", "src\Shared.Domain\Shared.Domain.csproj", "{22996580-B6B7-45C9-97C4-0940C7E24E37}"
EndProject
Project("{FAE04EC0-301F-11D3-BF4B-00C04F79EFBC}") = "Shared.Application", "src\Shared.Application\Shared.Application.csproj", "{BF2D1554-C61F-4212-84C4-1097E0F8665D}"
EndProject
Project("{FAE04EC0-301F-11D3-BF4B-00C04F79EFBC}") = "Shared.Infrastructure", "src\Shared.Infrastructure\Shared.Infrastructure.csproj", "{48B9678D-FA3D-4315-8CB2-21F97C84C2AC}"
EndProject
Project("{2150E333-8FDC-42A3-9474-1A3956D46DE8}") = "tests", "tests", "{0AB3BF05-4346-4AA6-1389-037BE0695223}"
EndProject
Project("{FAE04EC0-301F-11D3-BF4B-00C04F79EFBC}") = "Shared.Tests", "tests\Shared.Tests\Shared.Tests.csproj", "{46636062-D568-4CAB-ABCB-C5EF91B16B0F}"
EndProject
Global
	GlobalSection(SolutionConfigurationPlatforms) = preSolution
		Debug|Any CPU = Debug|Any CPU
		Debug|x64 = Debug|x64
		Debug|x86 = Debug|x86
		Release|Any CPU = Release|Any CPU
		Release|x64 = Release|x64
		Release|x86 = Release|x86
	EndGlobalSection
	GlobalSection(ProjectConfigurationPlatforms) = postSolution
		{22996580-B6B7-45C9-97C4-0940C7E24E37}.Debug|Any CPU.ActiveCfg = Debug|Any CPU
		{22996580-B6B7-45C9-97C4-0940C7E24E37}.Debug|Any CPU.Build.0 = Debug|Any CPU
		{22996580-B6B7-45C9-97C4-0940C7E24E37}.Debug|x64.ActiveCfg = Debug|Any CPU
		{22996580-B6B7-45C9-97C4-0940C7E24E37}.Debug|x64.Build.0 = Debug|Any CPU
		{22996580-B6B7-45C9-97C4-0940C7E24E37}.Debug|x86.ActiveCfg = Debug|Any CPU
		{22996580-B6B7-45C9-97C4-0940C7E24E37}.Debug|x86.Build.0 = Debug|Any CPU
		{22996580-B6B7-45C9-97C4-0940C7E24E37}.Release|Any CPU.ActiveCfg = Release|Any CPU
		{22996580-B6B7-45C9-97C4-0940C7E24E37}.Release|Any CPU.Build.0 = Release|Any CPU
		{22996580-B6B7-45C9-97C4-0940C7E24E37}.Release|x64.ActiveCfg = Release|Any CPU
		{22996580-B6B7-45C9-97C4-0940C7E24E37}.Release|x64.Build.0 = Release|Any CPU
		{22996580-B6B7-45C9-97C4-0940C7E24E37}.Release|x86.ActiveCfg = Release|Any CPU
		{22996580-B6B7-45C9-97C4-0940C7E24E37}.Release|x86.Build.0 = Release|Any CPU
		{BF2D1554-C61F-4212-84C4-1097E0F8665D}.Debug|Any CPU.ActiveCfg = Debug|Any CPU
		{BF2D1554-C61F-4212-84C4-1097E0F8665D}.Debug|Any CPU.Build.0 = Debug|Any CPU
		{BF2D1554-C61F-4212-84C4-1097E0F8665D}.Debug|x64.ActiveCfg = Debug|Any CPU
		{BF2D1554-C61F-4212-84C4-1097E0F8665D}.Debug|x64.Build.0 = Debug|Any CPU
		{BF2D1554-C61F-4212-84C4-1097E0F8665D}.Debug|x86.ActiveCfg = Debug|Any CPU
		{BF2D1554-C61F-4212-84C4-1097E0F8665D}.Debug|x86.Build.0 = Debug|Any CPU
		{BF2D1554-C61F-4212-84C4-1097E0F8665D}.Release|Any CPU.ActiveCfg = Release|Any CPU
		{BF2D1554-C61F-4212-84C4-1097E0F8665D}.Release|Any CPU.Build.0 = Release|Any CPU
		{BF2D1554-C61F-4212-84C4-1097E0F8665D}.Release|x64.ActiveCfg = Release|Any CPU
		{BF2D1554-C61F-4212-84C4-1097E0F8665D}.Release|x64.Build.0 = Release|Any CPU
		{BF2D1554-C61F-4212-84C4-1097E0F8665D}.Release|x86.ActiveCfg = Release|Any CPU
		{BF2D1554-C61F-4212-84C4-1097E0F8665D}.Release|x86.Build.0 = Release|Any CPU
		{48B9678D-FA3D-4315-8CB2-21F97C84C2AC}.Debug|Any CPU.ActiveCfg = Debug|Any CPU
		{48B9678D-FA3D-4315-8CB2-21F97C84C2AC}.Debug|Any CPU.Build.0 = Debug|Any CPU
		{48B9678D-FA3D-4315-8CB2-21F97C84C2AC}.Debug|x64.ActiveCfg = Debug|Any CPU
		{48B9678D-FA3D-4315-8CB2-21F97C84C2AC}.Debug|x64.Build.0 = Debug|Any CPU
		{48B9678D-FA3D-4315-8CB2-21F97C84C2AC}.Debug|x86.ActiveCfg = Debug|Any CPU
		{48B9678D-FA3D-4315-8CB2-21F97C84C2AC}.Debug|x86.Build.0 = Debug|Any CPU
		{48B9678D-FA3D-4315-8CB2-21F97C84C2AC}.Release|Any CPU.ActiveCfg = Release|Any CPU
		{48B9678D-FA3D-4315-8CB2-21F97C84C2AC}.Release|Any CPU.Build.0 = Release|Any CPU
		{48B9678D-FA3D-4315-8CB2-21F97C84C2AC}.Release|x64.ActiveCfg = Release|Any CPU
		{48B9678D-FA3D-4315-8CB2-21F97C84C2AC}.Release|x64.Build.0 = Release|Any CPU
		{48B9678D-FA3D-4315-8CB2-21F97C84C2AC}.Release|x86.ActiveCfg = Release|Any CPU
		{48B9678D-FA3D-4315-8CB2-21F97C84C2AC}.Release|x86.Build.0 = Release|Any CPU
		{46636062-D568-4CAB-ABCB-C5EF91B16B0F}.Debug|Any CPU.ActiveCfg = Debug|Any CPU
		{46636062-D568-4CAB-ABCB-C5EF91B16B0F}.Debug|Any CPU.Build.0 = Debug|Any CPU
		{46636062-D568-4CAB-ABCB-C5EF91B16B0F}.Debug|x64.ActiveCfg = Debug|Any CPU
		{46636062-D568-4CAB-ABCB-C5EF91B16B0F}.Debug|x64.Build.0 = Debug|Any CPU
		{46636062-D568-4CAB-ABCB-C5EF91B16B0F}.Debug|x86.ActiveCfg = Debug|Any CPU
		{46636062-D568-4CAB-ABCB-C5EF91B16B0F}.Debug|x86.Build.0 = Debug|Any CPU
		{46636062-D568-4CAB-ABCB-C5EF91B16B0F}.Release|Any CPU.ActiveCfg = Release|Any CPU
		{46636062-D568-4CAB-ABCB-C5EF91B16B0F}.Release|Any CPU.Build.0 = Release|Any CPU
		{46636062-D568-4CAB-ABCB-C5EF91B16B0F}.Release|x64.ActiveCfg = Release|Any CPU
		{46636062-D568-4CAB-ABCB-C5EF91B16B0F}.Release|x64.Build.0 = Release|Any CPU
		{46636062-D568-4CAB-ABCB-C5EF91B16B0F}.Release|x86.ActiveCfg = Release|Any CPU
		{46636062-D568-4CAB-ABCB-C5EF91B16B0F}.Release|x86.Build.0 = Release|Any CPU
	EndGlobalSection
	GlobalSection(SolutionProperties) = preSolution
		HideSolutionNode = FALSE
	EndGlobalSection
	GlobalSection(NestedProjects) = preSolution
		{22996580-B6B7-45C9-97C4-0940C7E24E37} = {827E0CD3-B72D-47B6-A68D-7590B98EB39B}
		{BF2D1554-C61F-4212-84C4-1097E0F8665D} = {827E0CD3-B72D-47B6-A68D-7590B98EB39B}
		{48B9678D-FA3D-4315-8CB2-21F97C84C2AC} = {827E0CD3-B72D-47B6-A68D-7590B98EB39B}
		{46636062-D568-4CAB-ABCB-C5EF91B16B0F} = {0AB3BF05-4346-4AA6-1389-037BE0695223}
	EndGlobalSection
	GlobalSection(ExtensibilityGlobals) = postSolution
		SolutionGuid = {8A6DBDC1-D260-461C-9A1E-5D9C59DC889A}
	EndGlobalSection
EndGlobal
